
Microsoft Visual Studio Solution File, Format Version 11.00
# Visual Studio 2010
Project("{FAE04EC0-301F-11D3-BF4B-00C04F79EFBC}") = "HiveSenseV2", "HiveSenseV2\HiveSenseV2.csproj", "{751562F2-7679-4D2E-B146-2E9DD32935F5}"
EndProject
Project("{2150E333-8FDC-42A3-9474-1A3956D46DE8}") = "Solution Items", "Solution Items", "{65B0EF06-D75F-49CF-84B9-FBBA4C8D3230}"
	ProjectSection(SolutionItems) = preProject
		config.xml = config.xml
	EndProjectSection
EndProject
Global
	GlobalSection(SolutionConfigurationPlatforms) = preSolution
		Debug|Any CPU = Debug|Any CPU
		Release|Any CPU = Release|Any CPU
	EndGlobalSection
	GlobalSection(ProjectConfigurationPlatforms) = postSolution
		{751562F2-7679-4D2E-B146-2E9DD32935F5}.Debug|Any CPU.ActiveCfg = Debug|Any CPU
		{751562F2-7679-4D2E-B146-2E9DD32935F5}.Debug|Any CPU.Build.0 = Debug|Any CPU
		{751562F2-7679-4D2E-B146-2E9DD32935F5}.Debug|Any CPU.Deploy.0 = Debug|Any CPU
		{751562F2-7679-4D2E-B146-2E9DD32935F5}.Release|Any CPU.ActiveCfg = Release|Any CPU
		{751562F2-7679-4D2E-B146-2E9DD32935F5}.Release|Any CPU.Build.0 = Release|Any CPU
		{751562F2-7679-4D2E-B146-2E9DD32935F5}.Release|Any CPU.Deploy.0 = Release|Any CPU
	EndGlobalSection
	GlobalSection(SolutionProperties) = preSolution
		HideSolutionNode = FALSE
	EndGlobalSection
EndGlobal
